
Microsoft Visual Studio Solution File, Format Version 12.00
# Visual Studio Version 17
VisualStudioVersion = 17.1.32328.378
MinimumVisualStudioVersion = 10.0.40219.1
Project("{FAE04EC0-301F-11D3-BF4B-00C04F79EFBC}") = "MovieAPI", "MovieAPI\MovieAPI.csproj", "{F1869D96-C5E6-4259-B6AC-A783A3785552}"
EndProject
Global
	GlobalSection(SolutionConfigurationPlatforms) = preSolution
		Debug|Any CPU = Debug|Any CPU
		Release|Any CPU = Release|Any CPU
	EndGlobalSection
	GlobalSection(ProjectConfigurationPlatforms) = postSolution
		{F1869D96-C5E6-4259-B6AC-A783A3785552}.Debug|Any CPU.ActiveCfg = Debug|Any CPU
		{F1869D96-C5E6-4259-B6AC-A783A3785552}.Debug|Any CPU.Build.0 = Debug|Any CPU
		{F1869D96-C5E6-4259-B6AC-A783A3785552}.Release|Any CPU.ActiveCfg = Release|Any CPU
		{F1869D96-C5E6-4259-B6AC-A783A3785552}.Release|Any CPU.Build.0 = Release|Any CPU
	EndGlobalSection
	GlobalSection(SolutionProperties) = preSolution
		HideSolutionNode = FALSE
	EndGlobalSection
	GlobalSection(ExtensibilityGlobals) = postSolution
		SolutionGuid = {F8C14D2D-6C62-4AB1-A38B-7402F6106938}
	EndGlobalSection
EndGlobal
